
Microsoft Visual Studio Solution File, Format Version 12.00
# Visual Studio Version 17
VisualStudioVersion = 17.9.34310.174
MinimumVisualStudioVersion = 10.0.40219.1
Project("{9A19103F-16F7-4668-BE54-9A1E7A4F7556}") = "Smartpoint.ChristmasStory.Opportunity", "Smartpoint.ChristmasStory.Opportunity.csproj", "{0A008251-DB11-4FF4-8F71-CD4A70B6B1FB}"
EndProject
Global
	GlobalSection(SolutionConfigurationPlatforms) = preSolution
		Debug|Any CPU = Debug|Any CPU
		Release|Any CPU = Release|Any CPU
	EndGlobalSection
	GlobalSection(ProjectConfigurationPlatforms) = postSolution
		{0A008251-DB11-4FF4-8F71-CD4A70B6B1FB}.Debug|Any CPU.ActiveCfg = Debug|Any CPU
		{0A008251-DB11-4FF4-8F71-CD4A70B6B1FB}.Debug|Any CPU.Build.0 = Debug|Any CPU
		{0A008251-DB11-4FF4-8F71-CD4A70B6B1FB}.Release|Any CPU.ActiveCfg = Release|Any CPU
		{0A008251-DB11-4FF4-8F71-CD4A70B6B1FB}.Release|Any CPU.Build.0 = Release|Any CPU
	EndGlobalSection
	GlobalSection(SolutionProperties) = preSolution
		HideSolutionNode = FALSE
	EndGlobalSection
	GlobalSection(ExtensibilityGlobals) = postSolution
		SolutionGuid = {29C8E33D-1161-43F8-ADE6-B2D79F63835E}
	EndGlobalSection
EndGlobal
